
Microsoft Visual Studio Solution File, Format Version 12.00
# Visual Studio 15
VisualStudioVersion = 15.0.28010.2036
MinimumVisualStudioVersion = 10.0.40219.1
Project("{8BC9CEB8-8B4A-11D0-8D11-00A0C91BC942}") = "SDL_image", "SDL_image.vcxproj", "{A5A9408F-931D-4B25-8DA1-95CF731EAF7C}"
EndProject
Global
	GlobalSection(SolutionConfigurationPlatforms) = preSolution
		Debug|x64 = Debug|x64
		Release|x64 = Release|x64
	EndGlobalSection
	GlobalSection(ProjectConfigurationPlatforms) = postSolution
		{A5A9408F-931D-4B25-8DA1-95CF731EAF7C}.Debug|x64.ActiveCfg = Debug|x64
		{A5A9408F-931D-4B25-8DA1-95CF731EAF7C}.Debug|x64.Build.0 = Debug|x64
		{A5A9408F-931D-4B25-8DA1-95CF731EAF7C}.Release|x64.ActiveCfg = Release|x64
		{A5A9408F-931D-4B25-8DA1-95CF731EAF7C}.Release|x64.Build.0 = Release|x64
	EndGlobalSection
	GlobalSection(SolutionProperties) = preSolution
		HideSolutionNode = FALSE
	EndGlobalSection
	GlobalSection(ExtensibilityGlobals) = postSolution
		SolutionGuid = {B64E5BB5-480E-4672-A6A9-74EEF4999BA7}
	EndGlobalSection
EndGlobal
